
Microsoft Visual Studio Solution File, Format Version 12.00
# Visual Studio Version 17
VisualStudioVersion = 17.11.35219.272
MinimumVisualStudioVersion = 10.0.40219.1
Project("{FAE04EC0-301F-11D3-BF4B-00C04F79EFBC}") = "while", "while\while.csproj", "{851B1239-7474-4357-908D-59A888AD7C83}"
EndProject
Global
	GlobalSection(SolutionConfigurationPlatforms) = preSolution
		Debug|Any CPU = Debug|Any CPU
		Release|Any CPU = Release|Any CPU
	EndGlobalSection
	GlobalSection(ProjectConfigurationPlatforms) = postSolution
		{851B1239-7474-4357-908D-59A888AD7C83}.Debug|Any CPU.ActiveCfg = Debug|Any CPU
		{851B1239-7474-4357-908D-59A888AD7C83}.Debug|Any CPU.Build.0 = Debug|Any CPU
		{851B1239-7474-4357-908D-59A888AD7C83}.Release|Any CPU.ActiveCfg = Release|Any CPU
		{851B1239-7474-4357-908D-59A888AD7C83}.Release|Any CPU.Build.0 = Release|Any CPU
	EndGlobalSection
	GlobalSection(SolutionProperties) = preSolution
		HideSolutionNode = FALSE
	EndGlobalSection
	GlobalSection(ExtensibilityGlobals) = postSolution
		SolutionGuid = {2EE1240D-5EB6-408B-ACA2-485A5AB82022}
	EndGlobalSection
EndGlobal
