
Microsoft Visual Studio Solution File, Format Version 12.00
# Visual Studio Version 17
VisualStudioVersion = 17.11.35303.130
MinimumVisualStudioVersion = 10.0.40219.1
Project("{FAE04EC0-301F-11D3-BF4B-00C04F79EFBC}") = "Methotlar", "Methotlar\Methotlar.csproj", "{DA98004A-4956-4D47-9B3B-9E3803EA333E}"
EndProject
Global
	GlobalSection(SolutionConfigurationPlatforms) = preSolution
		Debug|Any CPU = Debug|Any CPU
		Release|Any CPU = Release|Any CPU
	EndGlobalSection
	GlobalSection(ProjectConfigurationPlatforms) = postSolution
		{DA98004A-4956-4D47-9B3B-9E3803EA333E}.Debug|Any CPU.ActiveCfg = Debug|Any CPU
		{DA98004A-4956-4D47-9B3B-9E3803EA333E}.Debug|Any CPU.Build.0 = Debug|Any CPU
		{DA98004A-4956-4D47-9B3B-9E3803EA333E}.Release|Any CPU.ActiveCfg = Release|Any CPU
		{DA98004A-4956-4D47-9B3B-9E3803EA333E}.Release|Any CPU.Build.0 = Release|Any CPU
	EndGlobalSection
	GlobalSection(SolutionProperties) = preSolution
		HideSolutionNode = FALSE
	EndGlobalSection
	GlobalSection(ExtensibilityGlobals) = postSolution
		SolutionGuid = {E3C76C43-F7EB-4713-801C-F664490C41DF}
	EndGlobalSection
EndGlobal
